// !$*UTF8*$!
{
	archiveVersion = 1;
	classes = {
	};
	objectVersion = 50;
	objects = {

/* Begin PBXBuildFile section */
		1926C0EB240B697C00CA7187 /* Conflict.swift in Sources */ = {isa = PBXBuildFile; fileRef = 1926C0EA240B697C00CA7187 /* Conflict.swift */; };
		4116F7592409DAF900192C69 /* ff_victory.mp3 in Resources */ = {isa = PBXBuildFile; fileRef = 4116F7582409DAF900192C69 /* ff_victory.mp3 */; };
		4127A7D52405D97400FEA051 /* WeaponDelegate.swift in Sources */ = {isa = PBXBuildFile; fileRef = 4127A7D42405D97400FEA051 /* WeaponDelegate.swift */; };
		4195E76D2405C2D4006A7907 /* Setting.swift in Sources */ = {isa = PBXBuildFile; fileRef = 4195E76C2405C2D4006A7907 /* Setting.swift */; };
		41B114642404901E008833D9 /* AppDelegate.swift in Sources */ = {isa = PBXBuildFile; fileRef = 41B114632404901E008833D9 /* AppDelegate.swift */; };
		41B1146A2404901E008833D9 /* GameScene.swift in Sources */ = {isa = PBXBuildFile; fileRef = 41B114692404901E008833D9 /* GameScene.swift */; };
		41B1146C2404901E008833D9 /* GameViewController.swift in Sources */ = {isa = PBXBuildFile; fileRef = 41B1146B2404901E008833D9 /* GameViewController.swift */; };
		41B1146F2404901E008833D9 /* Main.storyboard in Resources */ = {isa = PBXBuildFile; fileRef = 41B1146D2404901E008833D9 /* Main.storyboard */; };
		41B1147124049020008833D9 /* Assets.xcassets in Resources */ = {isa = PBXBuildFile; fileRef = 41B1147024049020008833D9 /* Assets.xcassets */; };
		41B1147424049020008833D9 /* LaunchScreen.storyboard in Resources */ = {isa = PBXBuildFile; fileRef = 41B1147224049020008833D9 /* LaunchScreen.storyboard */; };
		41D9AE0D240D6A1500C304AA /* ScoreScene.swift in Sources */ = {isa = PBXBuildFile; fileRef = 41D9AE0C240D6A1500C304AA /* ScoreScene.swift */; };
		41DD54A9240C7DC400B8D2F0 /* M249.swift in Sources */ = {isa = PBXBuildFile; fileRef = 41DD54A8240C7DC400B8D2F0 /* M249.swift */; };
		41DD54AB240C7DE300B8D2F0 /* Bullup.swift in Sources */ = {isa = PBXBuildFile; fileRef = 41DD54AA240C7DE300B8D2F0 /* Bullup.swift */; };
		41DD54AD240C7E0F00B8D2F0 /* Maverick.swift in Sources */ = {isa = PBXBuildFile; fileRef = 41DD54AC240C7E0F00B8D2F0 /* Maverick.swift */; };
		41DD54AF240C7E3300B8D2F0 /* NightHawk.swift in Sources */ = {isa = PBXBuildFile; fileRef = 41DD54AE240C7E3300B8D2F0 /* NightHawk.swift */; };
		41DD54B1240C7E4F00B8D2F0 /* UMP.swift in Sources */ = {isa = PBXBuildFile; fileRef = 41DD54B0240C7E4F00B8D2F0 /* UMP.swift */; };
		41DFD2EB24073BEC00C145A5 /* bomb.wav in Resources */ = {isa = PBXBuildFile; fileRef = 41E695E6240601D100B2EBB2 /* bomb.wav */; };
		41DFD2EF24074F6400C145A5 /* MenuScene.swift in Sources */ = {isa = PBXBuildFile; fileRef = 41DFD2EE24074F6400C145A5 /* MenuScene.swift */; };
		41FD6B8E24083C3000BA6AF3 /* Weapon.swift in Sources */ = {isa = PBXBuildFile; fileRef = 41FD6B8D24083C3000BA6AF3 /* Weapon.swift */; };
		41FD6B9024083CC200BA6AF3 /* Team.swift in Sources */ = {isa = PBXBuildFile; fileRef = 41FD6B8F24083CC200BA6AF3 /* Team.swift */; };
		41FD6B9224083CCF00BA6AF3 /* Player.swift in Sources */ = {isa = PBXBuildFile; fileRef = 41FD6B9124083CCF00BA6AF3 /* Player.swift */; };
/* End PBXBuildFile section */

/* Begin PBXFileReference section */
		1926C0EA240B697C00CA7187 /* Conflict.swift */ = {isa = PBXFileReference; lastKnownFileType = sourcecode.swift; path = Conflict.swift; sourceTree = "<group>"; };
		4116F7582409DAF900192C69 /* ff_victory.mp3 */ = {isa = PBXFileReference; lastKnownFileType = audio.mp3; path = ff_victory.mp3; sourceTree = "<group>"; };
		4127A7D42405D97400FEA051 /* WeaponDelegate.swift */ = {isa = PBXFileReference; lastKnownFileType = sourcecode.swift; path = WeaponDelegate.swift; sourceTree = "<group>"; };
		4195E76C2405C2D4006A7907 /* Setting.swift */ = {isa = PBXFileReference; lastKnownFileType = sourcecode.swift; path = Setting.swift; sourceTree = "<group>"; };
		41B114602404901E008833D9 /* War Team.app */ = {isa = PBXFileReference; explicitFileType = wrapper.application; includeInIndex = 0; path = "War Team.app"; sourceTree = BUILT_PRODUCTS_DIR; };
		41B114632404901E008833D9 /* AppDelegate.swift */ = {isa = PBXFileReference; lastKnownFileType = sourcecode.swift; path = AppDelegate.swift; sourceTree = "<group>"; };
		41B114692404901E008833D9 /* GameScene.swift */ = {isa = PBXFileReference; lastKnownFileType = sourcecode.swift; path = GameScene.swift; sourceTree = "<group>"; };
		41B1146B2404901E008833D9 /* GameViewController.swift */ = {isa = PBXFileReference; lastKnownFileType = sourcecode.swift; path = GameViewController.swift; sourceTree = "<group>"; };
		41B1146E2404901E008833D9 /* Base */ = {isa = PBXFileReference; lastKnownFileType = file.storyboard; name = Base; path = Base.lproj/Main.storyboard; sourceTree = "<group>"; };
		41B1147024049020008833D9 /* Assets.xcassets */ = {isa = PBXFileReference; lastKnownFileType = folder.assetcatalog; path = Assets.xcassets; sourceTree = "<group>"; };
		41B1147324049020008833D9 /* Base */ = {isa = PBXFileReference; lastKnownFileType = file.storyboard; name = Base; path = Base.lproj/LaunchScreen.storyboard; sourceTree = "<group>"; };
		41B1147524049020008833D9 /* Info.plist */ = {isa = PBXFileReference; lastKnownFileType = text.plist.xml; path = Info.plist; sourceTree = "<group>"; };
		41D9AE0C240D6A1500C304AA /* ScoreScene.swift */ = {isa = PBXFileReference; lastKnownFileType = sourcecode.swift; path = ScoreScene.swift; sourceTree = "<group>"; };
		41DD54A8240C7DC400B8D2F0 /* M249.swift */ = {isa = PBXFileReference; lastKnownFileType = sourcecode.swift; path = M249.swift; sourceTree = "<group>"; };
		41DD54AA240C7DE300B8D2F0 /* Bullup.swift */ = {isa = PBXFileReference; lastKnownFileType = sourcecode.swift; path = Bullup.swift; sourceTree = "<group>"; };
		41DD54AC240C7E0F00B8D2F0 /* Maverick.swift */ = {isa = PBXFileReference; lastKnownFileType = sourcecode.swift; path = Maverick.swift; sourceTree = "<group>"; };
		41DD54AE240C7E3300B8D2F0 /* NightHawk.swift */ = {isa = PBXFileReference; lastKnownFileType = sourcecode.swift; path = NightHawk.swift; sourceTree = "<group>"; };
		41DD54B0240C7E4F00B8D2F0 /* UMP.swift */ = {isa = PBXFileReference; lastKnownFileType = sourcecode.swift; path = UMP.swift; sourceTree = "<group>"; };
		41DFD2EE24074F6400C145A5 /* MenuScene.swift */ = {isa = PBXFileReference; lastKnownFileType = sourcecode.swift; path = MenuScene.swift; sourceTree = "<group>"; };
		41E695E6240601D100B2EBB2 /* bomb.wav */ = {isa = PBXFileReference; lastKnownFileType = audio.wav; path = bomb.wav; sourceTree = "<group>"; };
		41FD6B8D24083C3000BA6AF3 /* Weapon.swift */ = {isa = PBXFileReference; lastKnownFileType = sourcecode.swift; path = Weapon.swift; sourceTree = "<group>"; };
		41FD6B8F24083CC200BA6AF3 /* Team.swift */ = {isa = PBXFileReference; lastKnownFileType = sourcecode.swift; path = Team.swift; sourceTree = "<group>"; };
		41FD6B9124083CCF00BA6AF3 /* Player.swift */ = {isa = PBXFileReference; lastKnownFileType = sourcecode.swift; path = Player.swift; sourceTree = "<group>"; };
/* End PBXFileReference section */

/* Begin PBXFrameworksBuildPhase section */
		41B1145D2404901E008833D9 /* Frameworks */ = {
			isa = PBXFrameworksBuildPhase;
			buildActionMask = 2147483647;
			files = (
			);
			runOnlyForDeploymentPostprocessing = 0;
		};
/* End PBXFrameworksBuildPhase section */

/* Begin PBXGroup section */
		4195E76E2405C907006A7907 /* Model */ = {
			isa = PBXGroup;
			children = (
				4127A7D42405D97400FEA051 /* WeaponDelegate.swift */,
				41FD6B8D24083C3000BA6AF3 /* Weapon.swift */,
				41FD6B8F24083CC200BA6AF3 /* Team.swift */,
				41FD6B9124083CCF00BA6AF3 /* Player.swift */,
				1926C0EA240B697C00CA7187 /* Conflict.swift */,
				41DD54A8240C7DC400B8D2F0 /* M249.swift */,
				41DD54AA240C7DE300B8D2F0 /* Bullup.swift */,
				41DD54AC240C7E0F00B8D2F0 /* Maverick.swift */,
				41DD54AE240C7E3300B8D2F0 /* NightHawk.swift */,
				41DD54B0240C7E4F00B8D2F0 /* UMP.swift */,
			);
			path = Model;
			sourceTree = "<group>";
		};
		41B114572404901E008833D9 = {
			isa = PBXGroup;
			children = (
				41B114622404901E008833D9 /* BattleTeam */,
				41B114612404901E008833D9 /* Products */,
			);
			sourceTree = "<group>";
		};
		41B114612404901E008833D9 /* Products */ = {
			isa = PBXGroup;
			children = (
				41B114602404901E008833D9 /* War Team.app */,
			);
			name = Products;
			sourceTree = "<group>";
		};
		41B114622404901E008833D9 /* BattleTeam */ = {
			isa = PBXGroup;
			children = (
				4195E76E2405C907006A7907 /* Model */,
				41B1147E24049C36008833D9 /* Scene */,
				41B1147B24049231008833D9 /* Assets */,
				41B114632404901E008833D9 /* AppDelegate.swift */,
				41B1146B2404901E008833D9 /* GameViewController.swift */,
				41B1146D2404901E008833D9 /* Main.storyboard */,
				41B1147224049020008833D9 /* LaunchScreen.storyboard */,
				41B1147524049020008833D9 /* Info.plist */,
				4195E76C2405C2D4006A7907 /* Setting.swift */,
			);
			path = BattleTeam;
			sourceTree = "<group>";
		};
		41B1147B24049231008833D9 /* Assets */ = {
			isa = PBXGroup;
			children = (
				41E695E12405FF6E00B2EBB2 /* Sound */,
				41B1147024049020008833D9 /* Assets.xcassets */,
			);
			path = Assets;
			sourceTree = "<group>";
		};
		41B1147E24049C36008833D9 /* Scene */ = {
			isa = PBXGroup;
			children = (
				41B114692404901E008833D9 /* GameScene.swift */,
				41DFD2EE24074F6400C145A5 /* MenuScene.swift */,
				41D9AE0C240D6A1500C304AA /* ScoreScene.swift */,
			);
			path = Scene;
			sourceTree = "<group>";
		};
		41E695E12405FF6E00B2EBB2 /* Sound */ = {
			isa = PBXGroup;
			children = (
				4116F7582409DAF900192C69 /* ff_victory.mp3 */,
				41E695E6240601D100B2EBB2 /* bomb.wav */,
			);
			path = Sound;
			sourceTree = "<group>";
		};
/* End PBXGroup section */

/* Begin PBXNativeTarget section */
		41B1145F2404901E008833D9 /* BattleTeam */ = {
			isa = PBXNativeTarget;
			buildConfigurationList = 41B1147824049020008833D9 /* Build configuration list for PBXNativeTarget "BattleTeam" */;
			buildPhases = (
				41B1145C2404901E008833D9 /* Sources */,
				41B1145D2404901E008833D9 /* Frameworks */,
				41B1145E2404901E008833D9 /* Resources */,
			);
			buildRules = (
			);
			dependencies = (
			);
			name = BattleTeam;
			productName = BattleTeam;
			productReference = 41B114602404901E008833D9 /* War Team.app */;
			productType = "com.apple.product-type.application";
		};
/* End PBXNativeTarget section */

/* Begin PBXProject section */
		41B114582404901E008833D9 /* Project object */ = {
			isa = PBXProject;
			attributes = {
				LastSwiftUpdateCheck = 1130;
				LastUpgradeCheck = 1130;
				ORGANIZATIONNAME = user163027;
				TargetAttributes = {
					41B1145F2404901E008833D9 = {
						CreatedOnToolsVersion = 11.3.1;
					};
				};
			};
			buildConfigurationList = 41B1145B2404901E008833D9 /* Build configuration list for PBXProject "BattleTeam" */;
			compatibilityVersion = "Xcode 9.3";
			developmentRegion = en;
			hasScannedForEncodings = 0;
			knownRegions = (
				en,
				Base,
			);
			mainGroup = 41B114572404901E008833D9;
			productRefGroup = 41B114612404901E008833D9 /* Products */;
			projectDirPath = "";
			projectRoot = "";
			targets = (
				41B1145F2404901E008833D9 /* BattleTeam */,
			);
		};
/* End PBXProject section */

/* Begin PBXResourcesBuildPhase section */
		41B1145E2404901E008833D9 /* Resources */ = {
			isa = PBXResourcesBuildPhase;
			buildActionMask = 2147483647;
			files = (
				41DFD2EB24073BEC00C145A5 /* bomb.wav in Resources */,
				4116F7592409DAF900192C69 /* ff_victory.mp3 in Resources */,
				41B1146F2404901E008833D9 /* Main.storyboard in Resources */,
				41B1147124049020008833D9 /* Assets.xcassets in Resources */,
				41B1147424049020008833D9 /* LaunchScreen.storyboard in Resources */,
			);
			runOnlyForDeploymentPostprocessing = 0;
		};
/* End PBXResourcesBuildPhase section */

/* Begin PBXSourcesBuildPhase section */
		41B1145C2404901E008833D9 /* Sources */ = {
			isa = PBXSourcesBuildPhase;
			buildActionMask = 2147483647;
			files = (
				4127A7D52405D97400FEA051 /* WeaponDelegate.swift in Sources */,
				41B1146A2404901E008833D9 /* GameScene.swift in Sources */,
				41B1146C2404901E008833D9 /* GameViewController.swift in Sources */,
				41DD54AD240C7E0F00B8D2F0 /* Maverick.swift in Sources */,
				41FD6B8E24083C3000BA6AF3 /* Weapon.swift in Sources */,
				41D9AE0D240D6A1500C304AA /* ScoreScene.swift in Sources */,
				41DD54B1240C7E4F00B8D2F0 /* UMP.swift in Sources */,
				41FD6B9024083CC200BA6AF3 /* Team.swift in Sources */,
				1926C0EB240B697C00CA7187 /* Conflict.swift in Sources */,
				41DFD2EF24074F6400C145A5 /* MenuScene.swift in Sources */,
				41DD54AB240C7DE300B8D2F0 /* Bullup.swift in Sources */,
				41DD54AF240C7E3300B8D2F0 /* NightHawk.swift in Sources */,
				41DD54A9240C7DC400B8D2F0 /* M249.swift in Sources */,
				4195E76D2405C2D4006A7907 /* Setting.swift in Sources */,
				41FD6B9224083CCF00BA6AF3 /* Player.swift in Sources */,
				41B114642404901E008833D9 /* AppDelegate.swift in Sources */,
			);
			runOnlyForDeploymentPostprocessing = 0;
		};
/* End PBXSourcesBuildPhase section */

/* Begin PBXVariantGroup section */
		41B1146D2404901E008833D9 /* Main.storyboard */ = {
			isa = PBXVariantGroup;
			children = (
				41B1146E2404901E008833D9 /* Base */,
			);
			name = Main.storyboard;
			sourceTree = "<group>";
		};
		41B1147224049020008833D9 /* LaunchScreen.storyboard */ = {
			isa = PBXVariantGroup;
			children = (
				41B1147324049020008833D9 /* Base */,
			);
			name = LaunchScreen.storyboard;
			sourceTree = "<group>";
		};
/* End PBXVariantGroup section */

/* Begin XCBuildConfiguration section */
		41B1147624049020008833D9 /* Debug */ = {
			isa = XCBuildConfiguration;
			buildSettings = {
				ALWAYS_SEARCH_USER_PATHS = NO;
				CLANG_ANALYZER_NONNULL = YES;
				CLANG_ANALYZER_NUMBER_OBJECT_CONVERSION = YES_AGGRESSIVE;
				CLANG_CXX_LANGUAGE_STANDARD = "gnu++14";
				CLANG_CXX_LIBRARY = "libc++";
				CLANG_ENABLE_MODULES = YES;
				CLANG_ENABLE_OBJC_ARC = YES;
				CLANG_ENABLE_OBJC_WEAK = YES;
				CLANG_WARN_BLOCK_CAPTURE_AUTORELEASING = YES;
				CLANG_WARN_BOOL_CONVERSION = YES;
				CLANG_WARN_COMMA = YES;
				CLANG_WARN_CONSTANT_CONVERSION = YES;
				CLANG_WARN_DEPRECATED_OBJC_IMPLEMENTATIONS = YES;
				CLANG_WARN_DIRECT_OBJC_ISA_USAGE = YES_ERROR;
				CLANG_WARN_DOCUMENTATION_COMMENTS = YES;
				CLANG_WARN_EMPTY_BODY = YES;
				CLANG_WARN_ENUM_CONVERSION = YES;
				CLANG_WARN_INFINITE_RECURSION = YES;
				CLANG_WARN_INT_CONVERSION = YES;
				CLANG_WARN_NON_LITERAL_NULL_CONVERSION = YES;
				CLANG_WARN_OBJC_IMPLICIT_RETAIN_SELF = YES;
				CLANG_WARN_OBJC_LITERAL_CONVERSION = YES;
				CLANG_WARN_OBJC_ROOT_CLASS = YES_ERROR;
				CLANG_WARN_RANGE_LOOP_ANALYSIS = YES;
				CLANG_WARN_STRICT_PROTOTYPES = YES;
				CLANG_WARN_SUSPICIOUS_MOVE = YES;
				CLANG_WARN_UNGUARDED_AVAILABILITY = YES_AGGRESSIVE;
				CLANG_WARN_UNREACHABLE_CODE = YES;
				CLANG_WARN__DUPLICATE_METHOD_MATCH = YES;
				COPY_PHASE_STRIP = NO;
				DEBUG_INFORMATION_FORMAT = dwarf;
				ENABLE_STRICT_OBJC_MSGSEND = YES;
				ENABLE_TESTABILITY = YES;
				GCC_C_LANGUAGE_STANDARD = gnu11;
				GCC_DYNAMIC_NO_PIC = NO;
				GCC_NO_COMMON_BLOCKS = YES;
				GCC_OPTIMIZATION_LEVEL = 0;
				GCC_PREPROCESSOR_DEFINITIONS = (
					"DEBUG=1",
					"$(inherited)",
				);
				GCC_WARN_64_TO_32_BIT_CONVERSION = YES;
				GCC_WARN_ABOUT_RETURN_TYPE = YES_ERROR;
				GCC_WARN_UNDECLARED_SELECTOR = YES;
				GCC_WARN_UNINITIALIZED_AUTOS = YES_AGGRESSIVE;
				GCC_WARN_UNUSED_FUNCTION = YES;
				GCC_WARN_UNUSED_VARIABLE = YES;
				IPHONEOS_DEPLOYMENT_TARGET = 13.2;
				MTL_ENABLE_DEBUG_INFO = INCLUDE_SOURCE;
				MTL_FAST_MATH = YES;
				ONLY_ACTIVE_ARCH = YES;
				SDKROOT = iphoneos;
				SWIFT_ACTIVE_COMPILATION_CONDITIONS = DEBUG;
				SWIFT_OPTIMIZATION_LEVEL = "-Onone";
			};
			name = Debug;
		};
		41B1147724049020008833D9 /* Release */ = {
			isa = XCBuildConfiguration;
			buildSettings = {
				ALWAYS_SEARCH_USER_PATHS = NO;
				CLANG_ANALYZER_NONNULL = YES;
				CLANG_ANALYZER_NUMBER_OBJECT_CONVERSION = YES_AGGRESSIVE;
				CLANG_CXX_LANGUAGE_STANDARD = "gnu++14";
				CLANG_CXX_LIBRARY = "libc++";
				CLANG_ENABLE_MODULES = YES;
				CLANG_ENABLE_OBJC_ARC = YES;
				CLANG_ENABLE_OBJC_WEAK = YES;
				CLANG_WARN_BLOCK_CAPTURE_AUTORELEASING = YES;
				CLANG_WARN_BOOL_CONVERSION = YES;
				CLANG_WARN_COMMA = YES;
				CLANG_WARN_CONSTANT_CONVERSION = YES;
				CLANG_WARN_DEPRECATED_OBJC_IMPLEMENTATIONS = YES;
				CLANG_WARN_DIRECT_OBJC_ISA_USAGE = YES_ERROR;
				CLANG_WARN_DOCUMENTATION_COMMENTS = YES;
				CLANG_WARN_EMPTY_BODY = YES;
				CLANG_WARN_ENUM_CONVERSION = YES;
				CLANG_WARN_INFINITE_RECURSION = YES;
				CLANG_WARN_INT_CONVERSION = YES;
				CLANG_WARN_NON_LITERAL_NULL_CONVERSION = YES;
				CLANG_WARN_OBJC_IMPLICIT_RETAIN_SELF = YES;
				CLANG_WARN_OBJC_LITERAL_CONVERSION = YES;
				CLANG_WARN_OBJC_ROOT_CLASS = YES_ERROR;
				CLANG_WARN_RANGE_LOOP_ANALYSIS = YES;
				CLANG_WARN_STRICT_PROTOTYPES = YES;
				CLANG_WARN_SUSPICIOUS_MOVE = YES;
				CLANG_WARN_UNGUARDED_AVAILABILITY = YES_AGGRESSIVE;
				CLANG_WARN_UNREACHABLE_CODE = YES;
				CLANG_WARN__DUPLICATE_METHOD_MATCH = YES;
				COPY_PHASE_STRIP = NO;
				DEBUG_INFORMATION_FORMAT = "dwarf-with-dsym";
				ENABLE_NS_ASSERTIONS = NO;
				ENABLE_STRICT_OBJC_MSGSEND = YES;
				GCC_C_LANGUAGE_STANDARD = gnu11;
				GCC_NO_COMMON_BLOCKS = YES;
				GCC_WARN_64_TO_32_BIT_CONVERSION = YES;
				GCC_WARN_ABOUT_RETURN_TYPE = YES_ERROR;
				GCC_WARN_UNDECLARED_SELECTOR = YES;
				GCC_WARN_UNINITIALIZED_AUTOS = YES_AGGRESSIVE;
				GCC_WARN_UNUSED_FUNCTION = YES;
				GCC_WARN_UNUSED_VARIABLE = YES;
				IPHONEOS_DEPLOYMENT_TARGET = 13.2;
				MTL_ENABLE_DEBUG_INFO = NO;
				MTL_FAST_MATH = YES;
				SDKROOT = iphoneos;
				SWIFT_COMPILATION_MODE = wholemodule;
				SWIFT_OPTIMIZATION_LEVEL = "-O";
				VALIDATE_PRODUCT = YES;
			};
			name = Release;
		};
		41B1147924049020008833D9 /* Debug */ = {
			isa = XCBuildConfiguration;
			buildSettings = {
				ASSETCATALOG_COMPILER_APPICON_NAME = AppIcon;
				CODE_SIGN_STYLE = Automatic;
				DEVELOPMENT_TEAM = 3T666946WX;
				INFOPLIST_FILE = BattleTeam/Info.plist;
				LD_RUNPATH_SEARCH_PATHS = (
					"$(inherited)",
					"@executable_path/Frameworks",
				);
				PRODUCT_BUNDLE_IDENTIFIER = "com.arthurataide.Dicee-iOS13";
				PRODUCT_NAME = "War Team";
				SWIFT_VERSION = 5.0;
				TARGETED_DEVICE_FAMILY = "1,2";
			};
			name = Debug;
		};
		41B1147A24049020008833D9 /* Release */ = {
			isa = XCBuildConfiguration;
			buildSettings = {
				ASSETCATALOG_COMPILER_APPICON_NAME = AppIcon;
				CODE_SIGN_STYLE = Automatic;
				DEVELOPMENT_TEAM = 3T666946WX;
				INFOPLIST_FILE = BattleTeam/Info.plist;
				LD_RUNPATH_SEARCH_PATHS = (
					"$(inherited)",
					"@executable_path/Frameworks",
				);
				PRODUCT_BUNDLE_IDENTIFIER = "com.arthurataide.Dicee-iOS13";
				PRODUCT_NAME = "War Team";
				SWIFT_VERSION = 5.0;
				TARGETED_DEVICE_FAMILY = "1,2";
			};
			name = Release;
		};
/* End XCBuildConfiguration section */

/* Begin XCConfigurationList section */
		41B1145B2404901E008833D9 /* Build configuration list for PBXProject "BattleTeam" */ = {
			isa = XCConfigurationList;
			buildConfigurations = (
				41B1147624049020008833D9 /* Debug */,
				41B1147724049020008833D9 /* Release */,
			);
			defaultConfigurationIsVisible = 0;
			defaultConfigurationName = Release;
		};
		41B1147824049020008833D9 /* Build configuration list for PBXNativeTarget "BattleTeam" */ = {
			isa = XCConfigurationList;
			buildConfigurations = (
				41B1147924049020008833D9 /* Debug */,
				41B1147A24049020008833D9 /* Release */,
			);
			defaultConfigurationIsVisible = 0;
			defaultConfigurationName = Release;
		};
/* End XCConfigurationList section */
	};
	rootObject = 41B114582404901E008833D9 /* Project object */;
}
